
Microsoft Visual Studio Solution File, Format Version 12.00
# Visual Studio Version 16
VisualStudioVersion = 16.0.31321.278
MinimumVisualStudioVersion = 10.0.40219.1
Project("{FAE04EC0-301F-11D3-BF4B-00C04F79EFBC}") = "EF-Practice", "EF-Practice\EF-Practice.csproj", "{93D9CC29-DAB0-45A9-9FA3-2D895A930345}"
EndProject
Global
	GlobalSection(SolutionConfigurationPlatforms) = preSolution
		Debug|Any CPU = Debug|Any CPU
		Release|Any CPU = Release|Any CPU
	EndGlobalSection
	GlobalSection(ProjectConfigurationPlatforms) = postSolution
		{93D9CC29-DAB0-45A9-9FA3-2D895A930345}.Debug|Any CPU.ActiveCfg = Debug|Any CPU
		{93D9CC29-DAB0-45A9-9FA3-2D895A930345}.Debug|Any CPU.Build.0 = Debug|Any CPU
		{93D9CC29-DAB0-45A9-9FA3-2D895A930345}.Release|Any CPU.ActiveCfg = Release|Any CPU
		{93D9CC29-DAB0-45A9-9FA3-2D895A930345}.Release|Any CPU.Build.0 = Release|Any CPU
	EndGlobalSection
	GlobalSection(SolutionProperties) = preSolution
		HideSolutionNode = FALSE
	EndGlobalSection
	GlobalSection(ExtensibilityGlobals) = postSolution
		SolutionGuid = {5A4259BE-6BBE-4C5E-971F-C0D5B0203C53}
	EndGlobalSection
EndGlobal
